{
  "nodes": {
    "channel": {
      "locked": {
        "lastModified": 1787964612,
        "narHash": "sha256-0N9nghg3nwzX6b6qc77EzjR9cu/Z+UR66FlfsCqiURs=",
        "owner": "nixos",
        "repo": "nixpkgs",
        "rev": "e8be7818e19ada32105a8af937a6a473b38167ca",
        "type": "github"
      },
      "original": {
        "owner": "nixos",
        "ref": "nixpkgs-unstable",
        "repo": "nixpkgs",
        "type": "github"
      }
    },
    "core": {
      "inputs": {
        "default": "default",
        "flake-parts": "flake-parts",
        "nixpkgs": [
          "flake",
          "core",
          "default",
          "channel"
        ]
      },
      "locked": {
        "lastModified": 1788753690,
        "narHash": "sha256-FM0sRxXCanw8JXZcUeCVnNsdtAsdpgKQ9/5kV9GktB0=",
        "owner": "nixology",
        "repo": "core.nix",
        "rev": "5d8cb4eb444246088a5be44a1272c7841552b19c",
        "type": "github"
      },
      "original": {
        "owner": "nixology",
        "repo": "core.nix",
        "type": "github"
      }
    },
    "default": {
      "inputs": {
        "channel": "channel"
      },
      "locked": {
        "dir": "nixpkgs-unstable",
        "lastModified": 1787930735,
        "narHash": "sha256-5yfh5m2EJw9z6HsWeD/AdCLOEWAZM90pYOItx6xnM2M=",
        "owner": "nixology",
        "repo": "channels.nix",
        "rev": "cc7605c554eb9ef28aa5038b7f2c3eeb5d7aaf52",
        "type": "github"
      },
      "original": {
        "dir": "nixpkgs-unstable",
        "owner": "nixology",
        "repo": "channels.nix",
        "type": "github"
      }
    },
    "flake": {
      "inputs": {
        "core": "core"
      },
      "locked": {
        "lastModified": 1789059459,
        "narHash": "sha256-c3SrN8nV7o4cmZB+RiA1lSujSgrZG56IpCbcTtzhbP0=",
        "owner": "nixology",
        "repo": "flake.nix",
        "rev": "ecb1083b020ae1fa6c676361b0044a2ebac8885d",
        "type": "github"
      },
      "original": {
        "owner": "nixology",
        "repo": "flake.nix",
        "type": "github"
      }
    },
    "flake-parts": {
      "inputs": {
        "nixpkgs-lib": "nixpkgs-lib"
      },
      "locked": {
        "lastModified": 1787559586,
        "narHash": "sha256-onL0VLf9vPllmT0H/OlURIU5r5t5WIEl7t4tVNKT0Nw=",
        "owner": "hercules-ci",
        "repo": "flake-parts",
        "rev": "9d0d87172c374f89da73c1cfe6d81ae62feac1f1",
        "type": "github"
      },
      "original": {
        "owner": "hercules-ci",
        "repo": "flake-parts",
        "type": "github"
      }
    },
    "nixpkgs-lib": {
      "locked": {
        "lastModified": 1785031560,
        "narHash": "sha256-OmshNvn2vupOFpYinLUu+1Dnpu4n7Q5N3ggGVNHpkUI=",
        "owner": "nix-community",
        "repo": "nixpkgs.lib",
        "rev": "0e79af5e3d4dcfcd676ab5ba3f95d2e3352e078c",
        "type": "github"
      },
      "original": {
        "owner": "nix-community",
        "repo": "nixpkgs.lib",
        "type": "github"
      }
    },
    "root": {
      "inputs": {
        "flake": "flake"
      }
    }
  },
  "root": "root",
  "version": 7
}
