{
  "nodes": {
    "channel": {
      "locked": {
        "lastModified": 1783475452,
        "narHash": "sha256-3S92fSuv32mjJz2Qb2F4405c21J55F4NIphz5K6hxco=",
        "owner": "nixos",
        "repo": "nixpkgs",
        "rev": "05988b07fb05cbcb50be6bce197b4b5f75b5e61b",
        "type": "github"
      },
      "original": {
        "owner": "nixos",
        "ref": "nixpkgs-unstable",
        "repo": "nixpkgs",
        "type": "github"
      }
    },
    "core": {
      "inputs": {
        "default": "default",
        "flake-parts": "flake-parts",
        "nixpkgs": [
          "flake",
          "core",
          "default",
          "channel"
        ]
      },
      "locked": {
        "lastModified": 1784509818,
        "narHash": "sha256-T3RN8pOJ7N4jIiPMiXUyztKZwB68V/sCZHmzSDKw1/I=",
        "owner": "nixology",
        "repo": "core.nix",
        "rev": "10fc274d11b9971005d03c872c967de0a98ca85a",
        "type": "github"
      },
      "original": {
        "owner": "nixology",
        "repo": "core.nix",
        "type": "github"
      }
    },
    "default": {
      "inputs": {
        "channel": "channel"
      },
      "locked": {
        "dir": "nixpkgs-unstable",
        "lastModified": 1783697204,
        "narHash": "sha256-wfnn547w/XeufZBUQjW3P9zvn0sFKIpGyIjECrswZd8=",
        "owner": "nixology",
        "repo": "channels.nix",
        "rev": "ee1d59e9ef0785ebd75df1f28cd78d66b01ef0eb",
        "type": "github"
      },
      "original": {
        "dir": "nixpkgs-unstable",
        "owner": "nixology",
        "repo": "channels.nix",
        "type": "github"
      }
    },
    "flake": {
      "inputs": {
        "core": "core"
      },
      "locked": {
        "lastModified": 1784566660,
        "narHash": "sha256-XYqMDIAugtGF0UL2BmXmvRzNOEsIGD1bBq9OJr7f+kY=",
        "owner": "nixology",
        "repo": "flake.nix",
        "rev": "fa684da826e916bf0e15a0bfcec29e6965577a84",
        "type": "github"
      },
      "original": {
        "owner": "nixology",
        "repo": "flake.nix",
        "type": "github"
      }
    },
    "flake-parts": {
      "inputs": {
        "nixpkgs-lib": "nixpkgs-lib"
      },
      "locked": {
        "lastModified": 1782949081,
        "narHash": "sha256-vp6Y/Grm98ESt6ceOkWiHWyZRDV3J1RID4w+6NWK9yA=",
        "owner": "hercules-ci",
        "repo": "flake-parts",
        "rev": "17c9d6cdfc60c64f4ee8d306f9bc0b4ccb51481e",
        "type": "github"
      },
      "original": {
        "owner": "hercules-ci",
        "repo": "flake-parts",
        "type": "github"
      }
    },
    "nixpkgs-lib": {
      "locked": {
        "lastModified": 1782614948,
        "narHash": "sha256-ePjCwr1sNm9NYUqywL7QfK3JnlS015msC+eBu2zKlp8=",
        "owner": "nix-community",
        "repo": "nixpkgs.lib",
        "rev": "db3f255737b94216eb71cce308e2912cf6bc2d7c",
        "type": "github"
      },
      "original": {
        "owner": "nix-community",
        "repo": "nixpkgs.lib",
        "type": "github"
      }
    },
    "root": {
      "inputs": {
        "flake": "flake"
      }
    }
  },
  "root": "root",
  "version": 7
}
